
Microsoft Visual Studio Solution File, Format Version 12.00
# Visual Studio 15
VisualStudioVersion = 15.0.28010.2046
MinimumVisualStudioVersion = 10.0.40219.1
Project("{8BC9CEB8-8B4A-11D0-8D11-00A0C91BC942}") = "ChanPhysicsPlayGround", "ChanPhysicsPlayGround\ChanPhysicsPlayGround.vcxproj", "{57759279-39EA-475F-B2A8-786C6BEED796}"
EndProject
Global
	GlobalSection(SolutionConfigurationPlatforms) = preSolution
		Debug|x64 = Debug|x64
		Debug|x86 = Debug|x86
		Release|x64 = Release|x64
		Release|x86 = Release|x86
	EndGlobalSection
	GlobalSection(ProjectConfigurationPlatforms) = postSolution
		{57759279-39EA-475F-B2A8-786C6BEED796}.Debug|x64.ActiveCfg = Debug|x64
		{57759279-39EA-475F-B2A8-786C6BEED796}.Debug|x64.Build.0 = Debug|x64
		{57759279-39EA-475F-B2A8-786C6BEED796}.Debug|x86.ActiveCfg = Debug|Win32
		{57759279-39EA-475F-B2A8-786C6BEED796}.Debug|x86.Build.0 = Debug|Win32
		{57759279-39EA-475F-B2A8-786C6BEED796}.Release|x64.ActiveCfg = Release|x64
		{57759279-39EA-475F-B2A8-786C6BEED796}.Release|x64.Build.0 = Release|x64
		{57759279-39EA-475F-B2A8-786C6BEED796}.Release|x86.ActiveCfg = Release|Win32
		{57759279-39EA-475F-B2A8-786C6BEED796}.Release|x86.Build.0 = Release|Win32
	EndGlobalSection
	GlobalSection(SolutionProperties) = preSolution
		HideSolutionNode = FALSE
	EndGlobalSection
	GlobalSection(ExtensibilityGlobals) = postSolution
		SolutionGuid = {DBC1B87D-C4B6-46B6-918E-9B0F3A237DEC}
	EndGlobalSection
EndGlobal
